
Microsoft Visual Studio Solution File, Format Version 12.00
# Visual Studio 2012
Project("{FAE04EC0-301F-11D3-BF4B-00C04F79EFBC}") = "MyPath-C-Sharp", "MyPath-C-Sharp\MyPath-C-Sharp.csproj", "{90EA3C34-36EA-4762-ADF7-9F1BDBF51BC6}"
EndProject
Global
	GlobalSection(SolutionConfigurationPlatforms) = preSolution
		Debug|Any CPU = Debug|Any CPU
		Release|Any CPU = Release|Any CPU
	EndGlobalSection
	GlobalSection(ProjectConfigurationPlatforms) = postSolution
		{90EA3C34-36EA-4762-ADF7-9F1BDBF51BC6}.Debug|Any CPU.ActiveCfg = Debug|Any CPU
		{90EA3C34-36EA-4762-ADF7-9F1BDBF51BC6}.Debug|Any CPU.Build.0 = Debug|Any CPU
		{90EA3C34-36EA-4762-ADF7-9F1BDBF51BC6}.Release|Any CPU.ActiveCfg = Release|Any CPU
		{90EA3C34-36EA-4762-ADF7-9F1BDBF51BC6}.Release|Any CPU.Build.0 = Release|Any CPU
	EndGlobalSection
	GlobalSection(SolutionProperties) = preSolution
		HideSolutionNode = FALSE
	EndGlobalSection
EndGlobal
